
Microsoft Visual Studio Solution File, Format Version 12.00
# 
Project("{FAE04EC0-301F-11D3-BF4B-00C04F79EFBC}") = "ProjectManagement", "ProjectManagement\ProjectManagement.csproj", "{79495D13-8102-4E6E-86DF-E4D5DD2D4E3B}"
EndProject
Project("{FAE04EC0-301F-11D3-BF4B-00C04F79EFBC}") = "ProjectManagement.API", "ProjectManagement.API\ProjectManagement.API.csproj", "{5C6578EE-B47E-4B09-B3EA-8B8739053F77}"
EndProject
Project("{FAE04EC0-301F-11D3-BF4B-00C04F79EFBC}") = "ProjectManagement.BLL", "ProjectManagement.BLL\ProjectManagement.BLL.csproj", "{F55BA34E-A7FC-48BC-819B-D8513BAF9BF0}"
EndProject
Project("{FAE04EC0-301F-11D3-BF4B-00C04F79EFBC}") = "ProjectManagement.DAL", "ProjectManagement.DAL\ProjectManagement.DAL.csproj", "{831AEB55-6E81-4D59-A747-2E07A2F6BFDD}"
EndProject
Global
	GlobalSection(SolutionConfigurationPlatforms) = preSolution
		Debug|Any CPU = Debug|Any CPU
		Release|Any CPU = Release|Any CPU
	EndGlobalSection
	GlobalSection(ProjectConfigurationPlatforms) = postSolution
		{79495D13-8102-4E6E-86DF-E4D5DD2D4E3B}.Debug|Any CPU.ActiveCfg = Debug|Any CPU
		{79495D13-8102-4E6E-86DF-E4D5DD2D4E3B}.Debug|Any CPU.Build.0 = Debug|Any CPU
		{79495D13-8102-4E6E-86DF-E4D5DD2D4E3B}.Release|Any CPU.ActiveCfg = Release|Any CPU
		{79495D13-8102-4E6E-86DF-E4D5DD2D4E3B}.Release|Any CPU.Build.0 = Release|Any CPU
		{5C6578EE-B47E-4B09-B3EA-8B8739053F77}.Debug|Any CPU.ActiveCfg = Debug|Any CPU
		{5C6578EE-B47E-4B09-B3EA-8B8739053F77}.Debug|Any CPU.Build.0 = Debug|Any CPU
		{5C6578EE-B47E-4B09-B3EA-8B8739053F77}.Release|Any CPU.ActiveCfg = Release|Any CPU
		{5C6578EE-B47E-4B09-B3EA-8B8739053F77}.Release|Any CPU.Build.0 = Release|Any CPU
		{F55BA34E-A7FC-48BC-819B-D8513BAF9BF0}.Debug|Any CPU.ActiveCfg = Debug|Any CPU
		{F55BA34E-A7FC-48BC-819B-D8513BAF9BF0}.Debug|Any CPU.Build.0 = Debug|Any CPU
		{F55BA34E-A7FC-48BC-819B-D8513BAF9BF0}.Release|Any CPU.ActiveCfg = Release|Any CPU
		{F55BA34E-A7FC-48BC-819B-D8513BAF9BF0}.Release|Any CPU.Build.0 = Release|Any CPU
		{831AEB55-6E81-4D59-A747-2E07A2F6BFDD}.Debug|Any CPU.ActiveCfg = Debug|Any CPU
		{831AEB55-6E81-4D59-A747-2E07A2F6BFDD}.Debug|Any CPU.Build.0 = Debug|Any CPU
		{831AEB55-6E81-4D59-A747-2E07A2F6BFDD}.Release|Any CPU.ActiveCfg = Release|Any CPU
		{831AEB55-6E81-4D59-A747-2E07A2F6BFDD}.Release|Any CPU.Build.0 = Release|Any CPU
	EndGlobalSection
EndGlobal
